{
  "name": "HTML5game",
  "version": "1.0.0",
  "lockfileVersion": 1,
  "requires": true,
  "dependencies": {
    "responsive-gamepad": {
      "version": "1.1.0",
      "resolved": "https://registry.npmjs.org/responsive-gamepad/-/responsive-gamepad-1.1.0.tgz",
      "integrity": "sha512-njsJuKvany9eYjywXm8iorTeXeAAPqwMNaRWOo8jlh0iQboXgGPf6Z6bLGntELrfU+vR94jTPJYRW0Zzb2gaRA=="
    }
  }
}
